
Microsoft Visual Studio Solution File, Format Version 12.00
# Visual Studio Version 16
VisualStudioVersion = 16.0.31729.503
MinimumVisualStudioVersion = 10.0.40219.1
Project("{FAE04EC0-301F-11D3-BF4B-00C04F79EFBC}") = "Dll_Import_Attribute_Assignment", "Dll_Import_Attribute_Assignment\Dll_Import_Attribute_Assignment.csproj", "{C4C8089C-B8CF-4E24-8480-C2F48E70AEB7}"
EndProject
Global
	GlobalSection(SolutionConfigurationPlatforms) = preSolution
		Debug|Any CPU = Debug|Any CPU
		Release|Any CPU = Release|Any CPU
	EndGlobalSection
	GlobalSection(ProjectConfigurationPlatforms) = postSolution
		{C4C8089C-B8CF-4E24-8480-C2F48E70AEB7}.Debug|Any CPU.ActiveCfg = Debug|Any CPU
		{C4C8089C-B8CF-4E24-8480-C2F48E70AEB7}.Debug|Any CPU.Build.0 = Debug|Any CPU
		{C4C8089C-B8CF-4E24-8480-C2F48E70AEB7}.Release|Any CPU.ActiveCfg = Release|Any CPU
		{C4C8089C-B8CF-4E24-8480-C2F48E70AEB7}.Release|Any CPU.Build.0 = Release|Any CPU
	EndGlobalSection
	GlobalSection(SolutionProperties) = preSolution
		HideSolutionNode = FALSE
	EndGlobalSection
	GlobalSection(ExtensibilityGlobals) = postSolution
		SolutionGuid = {BD97AA13-1254-45BF-BC82-E71803BB2020}
	EndGlobalSection
EndGlobal
